
Microsoft Visual Studio Solution File, Format Version 12.00
# Visual Studio Version 16
VisualStudioVersion = 16.0.29424.173
MinimumVisualStudioVersion = 10.0.40219.1
Project("{FAE04EC0-301F-11D3-BF4B-00C04F79EFBC}") = "ManipulatingArrays", "ManipulatingArrays.csproj", "{52082777-437D-4C72-A77B-6D324D113481}"
EndProject
Global
	GlobalSection(SolutionConfigurationPlatforms) = preSolution
		Debug|Any CPU = Debug|Any CPU
		Release|Any CPU = Release|Any CPU
	EndGlobalSection
	GlobalSection(ProjectConfigurationPlatforms) = postSolution
		{52082777-437D-4C72-A77B-6D324D113481}.Debug|Any CPU.ActiveCfg = Debug|Any CPU
		{52082777-437D-4C72-A77B-6D324D113481}.Debug|Any CPU.Build.0 = Debug|Any CPU
		{52082777-437D-4C72-A77B-6D324D113481}.Release|Any CPU.ActiveCfg = Release|Any CPU
		{52082777-437D-4C72-A77B-6D324D113481}.Release|Any CPU.Build.0 = Release|Any CPU
	EndGlobalSection
	GlobalSection(SolutionProperties) = preSolution
		HideSolutionNode = FALSE
	EndGlobalSection
	GlobalSection(ExtensibilityGlobals) = postSolution
		SolutionGuid = {B07627A3-1320-4AE1-A51E-80E432663A4F}
	EndGlobalSection
EndGlobal
